
Microsoft Visual Studio Solution File, Format Version 12.00
# Visual Studio Version 16
VisualStudioVersion = 16.0.33927.289
MinimumVisualStudioVersion = 10.0.40219.1
Project("{FAE04EC0-301F-11D3-BF4B-00C04F79EFBC}") = "03W", "03W\03W.csproj", "{8149F3A8-5E30-47A1-8AF0-9CB003B48047}"
EndProject
Global
	GlobalSection(SolutionConfigurationPlatforms) = preSolution
		Debug|Any CPU = Debug|Any CPU
		Release|Any CPU = Release|Any CPU
	EndGlobalSection
	GlobalSection(ProjectConfigurationPlatforms) = postSolution
		{8149F3A8-5E30-47A1-8AF0-9CB003B48047}.Debug|Any CPU.ActiveCfg = Debug|Any CPU
		{8149F3A8-5E30-47A1-8AF0-9CB003B48047}.Debug|Any CPU.Build.0 = Debug|Any CPU
		{8149F3A8-5E30-47A1-8AF0-9CB003B48047}.Release|Any CPU.ActiveCfg = Release|Any CPU
		{8149F3A8-5E30-47A1-8AF0-9CB003B48047}.Release|Any CPU.Build.0 = Release|Any CPU
	EndGlobalSection
	GlobalSection(SolutionProperties) = preSolution
		HideSolutionNode = FALSE
	EndGlobalSection
	GlobalSection(ExtensibilityGlobals) = postSolution
		SolutionGuid = {C00B9A9E-A3CA-49E8-A7C7-236FDCD3AAD3}
	EndGlobalSection
EndGlobal
