
Microsoft Visual Studio Solution File, Format Version 12.00
# Visual Studio Version 16
VisualStudioVersion = 16.0.33927.289
MinimumVisualStudioVersion = 10.0.40219.1
Project("{FAE04EC0-301F-11D3-BF4B-00C04F79EFBC}") = "08C", "08C\08C.csproj", "{C68CAAD1-0F00-49E9-B7B4-B371F8443005}"
EndProject
Global
	GlobalSection(SolutionConfigurationPlatforms) = preSolution
		Debug|Any CPU = Debug|Any CPU
		Release|Any CPU = Release|Any CPU
	EndGlobalSection
	GlobalSection(ProjectConfigurationPlatforms) = postSolution
		{C68CAAD1-0F00-49E9-B7B4-B371F8443005}.Debug|Any CPU.ActiveCfg = Debug|Any CPU
		{C68CAAD1-0F00-49E9-B7B4-B371F8443005}.Debug|Any CPU.Build.0 = Debug|Any CPU
		{C68CAAD1-0F00-49E9-B7B4-B371F8443005}.Release|Any CPU.ActiveCfg = Release|Any CPU
		{C68CAAD1-0F00-49E9-B7B4-B371F8443005}.Release|Any CPU.Build.0 = Release|Any CPU
	EndGlobalSection
	GlobalSection(SolutionProperties) = preSolution
		HideSolutionNode = FALSE
	EndGlobalSection
	GlobalSection(ExtensibilityGlobals) = postSolution
		SolutionGuid = {92B2308E-8D3C-482A-A9CE-044F8B9D90E5}
	EndGlobalSection
EndGlobal
