
Microsoft Visual Studio Solution File, Format Version 12.00
# Visual Studio Version 16
VisualStudioVersion = 16.0.33927.289
MinimumVisualStudioVersion = 10.0.40219.1
Project("{FAE04EC0-301F-11D3-BF4B-00C04F79EFBC}") = "10C", "10C\10C.csproj", "{9A3938BC-34E2-43DA-B2F6-0D3DDABB3E24}"
EndProject
Global
	GlobalSection(SolutionConfigurationPlatforms) = preSolution
		Debug|Any CPU = Debug|Any CPU
		Release|Any CPU = Release|Any CPU
	EndGlobalSection
	GlobalSection(ProjectConfigurationPlatforms) = postSolution
		{9A3938BC-34E2-43DA-B2F6-0D3DDABB3E24}.Debug|Any CPU.ActiveCfg = Debug|Any CPU
		{9A3938BC-34E2-43DA-B2F6-0D3DDABB3E24}.Debug|Any CPU.Build.0 = Debug|Any CPU
		{9A3938BC-34E2-43DA-B2F6-0D3DDABB3E24}.Release|Any CPU.ActiveCfg = Release|Any CPU
		{9A3938BC-34E2-43DA-B2F6-0D3DDABB3E24}.Release|Any CPU.Build.0 = Release|Any CPU
	EndGlobalSection
	GlobalSection(SolutionProperties) = preSolution
		HideSolutionNode = FALSE
	EndGlobalSection
	GlobalSection(ExtensibilityGlobals) = postSolution
		SolutionGuid = {DAA3A363-C9B8-4A95-A75D-00AC04C201D3}
	EndGlobalSection
EndGlobal
