
Microsoft Visual Studio Solution File, Format Version 12.00
# Visual Studio Version 16
VisualStudioVersion = 16.0.33927.289
MinimumVisualStudioVersion = 10.0.40219.1
Project("{FAE04EC0-301F-11D3-BF4B-00C04F79EFBC}") = "19c", "19c\19c.csproj", "{4C1F55DF-2313-43D1-A9E1-8A2336C0D379}"
EndProject
Global
	GlobalSection(SolutionConfigurationPlatforms) = preSolution
		Debug|Any CPU = Debug|Any CPU
		Release|Any CPU = Release|Any CPU
	EndGlobalSection
	GlobalSection(ProjectConfigurationPlatforms) = postSolution
		{4C1F55DF-2313-43D1-A9E1-8A2336C0D379}.Debug|Any CPU.ActiveCfg = Debug|Any CPU
		{4C1F55DF-2313-43D1-A9E1-8A2336C0D379}.Debug|Any CPU.Build.0 = Debug|Any CPU
		{4C1F55DF-2313-43D1-A9E1-8A2336C0D379}.Release|Any CPU.ActiveCfg = Release|Any CPU
		{4C1F55DF-2313-43D1-A9E1-8A2336C0D379}.Release|Any CPU.Build.0 = Release|Any CPU
	EndGlobalSection
	GlobalSection(SolutionProperties) = preSolution
		HideSolutionNode = FALSE
	EndGlobalSection
	GlobalSection(ExtensibilityGlobals) = postSolution
		SolutionGuid = {7EEC8FEF-FA2A-4B58-9762-B112F60C99D6}
	EndGlobalSection
EndGlobal
