
Microsoft Visual Studio Solution File, Format Version 12.00
# Visual Studio Version 16
VisualStudioVersion = 16.0.33927.289
MinimumVisualStudioVersion = 10.0.40219.1
Project("{FAE04EC0-301F-11D3-BF4B-00C04F79EFBC}") = "20c", "20c\20c.csproj", "{5770F586-4D69-40CA-B290-4CF3C0206E8C}"
EndProject
Global
	GlobalSection(SolutionConfigurationPlatforms) = preSolution
		Debug|Any CPU = Debug|Any CPU
		Release|Any CPU = Release|Any CPU
	EndGlobalSection
	GlobalSection(ProjectConfigurationPlatforms) = postSolution
		{5770F586-4D69-40CA-B290-4CF3C0206E8C}.Debug|Any CPU.ActiveCfg = Debug|Any CPU
		{5770F586-4D69-40CA-B290-4CF3C0206E8C}.Debug|Any CPU.Build.0 = Debug|Any CPU
		{5770F586-4D69-40CA-B290-4CF3C0206E8C}.Release|Any CPU.ActiveCfg = Release|Any CPU
		{5770F586-4D69-40CA-B290-4CF3C0206E8C}.Release|Any CPU.Build.0 = Release|Any CPU
	EndGlobalSection
	GlobalSection(SolutionProperties) = preSolution
		HideSolutionNode = FALSE
	EndGlobalSection
	GlobalSection(ExtensibilityGlobals) = postSolution
		SolutionGuid = {D2BF8352-CE63-41F3-8BA1-B62EB68CC253}
	EndGlobalSection
EndGlobal
