
Microsoft Visual Studio Solution File, Format Version 12.00
# Visual Studio Version 16
VisualStudioVersion = 16.0.33927.289
MinimumVisualStudioVersion = 10.0.40219.1
Project("{FAE04EC0-301F-11D3-BF4B-00C04F79EFBC}") = "56c", "56c\56c.csproj", "{10247E4C-8A69-4C53-9DBD-91AE3F5F5085}"
EndProject
Global
	GlobalSection(SolutionConfigurationPlatforms) = preSolution
		Debug|Any CPU = Debug|Any CPU
		Release|Any CPU = Release|Any CPU
	EndGlobalSection
	GlobalSection(ProjectConfigurationPlatforms) = postSolution
		{10247E4C-8A69-4C53-9DBD-91AE3F5F5085}.Debug|Any CPU.ActiveCfg = Debug|Any CPU
		{10247E4C-8A69-4C53-9DBD-91AE3F5F5085}.Debug|Any CPU.Build.0 = Debug|Any CPU
		{10247E4C-8A69-4C53-9DBD-91AE3F5F5085}.Release|Any CPU.ActiveCfg = Release|Any CPU
		{10247E4C-8A69-4C53-9DBD-91AE3F5F5085}.Release|Any CPU.Build.0 = Release|Any CPU
	EndGlobalSection
	GlobalSection(SolutionProperties) = preSolution
		HideSolutionNode = FALSE
	EndGlobalSection
	GlobalSection(ExtensibilityGlobals) = postSolution
		SolutionGuid = {85E6F28A-66AB-4BD2-8DA4-55AF9D1DDA27}
	EndGlobalSection
EndGlobal
